
Microsoft Visual Studio Solution File, Format Version 12.00
# Visual Studio Version 17
VisualStudioVersion = 17.0.31919.166
MinimumVisualStudioVersion = 10.0.40219.1
Project("{FAE04EC0-301F-11D3-BF4B-00C04F79EFBC}") = "Ficha7", "Ficha7\Ficha7.csproj", "{9AA2F5D8-21A7-4DC0-B26A-D85902BEEF39}"
EndProject
Global
	GlobalSection(SolutionConfigurationPlatforms) = preSolution
		Debug|Any CPU = Debug|Any CPU
		Release|Any CPU = Release|Any CPU
	EndGlobalSection
	GlobalSection(ProjectConfigurationPlatforms) = postSolution
		{9AA2F5D8-21A7-4DC0-B26A-D85902BEEF39}.Debug|Any CPU.ActiveCfg = Debug|Any CPU
		{9AA2F5D8-21A7-4DC0-B26A-D85902BEEF39}.Debug|Any CPU.Build.0 = Debug|Any CPU
		{9AA2F5D8-21A7-4DC0-B26A-D85902BEEF39}.Release|Any CPU.ActiveCfg = Release|Any CPU
		{9AA2F5D8-21A7-4DC0-B26A-D85902BEEF39}.Release|Any CPU.Build.0 = Release|Any CPU
	EndGlobalSection
	GlobalSection(SolutionProperties) = preSolution
		HideSolutionNode = FALSE
	EndGlobalSection
	GlobalSection(ExtensibilityGlobals) = postSolution
		SolutionGuid = {0F19467C-C85E-4EC0-AAFC-008F26CCC63A}
	EndGlobalSection
EndGlobal
